
Microsoft Visual Studio Solution File, Format Version 12.00
# Visual Studio Version 16
VisualStudioVersion = 16.0.31402.337
MinimumVisualStudioVersion = 10.0.40219.1
Project("{2150E333-8FDC-42A3-9474-1A3956D46DE8}") = "CleanArch.Application", "CleanArch.Application", "{B57B68AB-078F-4DDD-AAAA-5AC16F33B488}"
	ProjectSection(SolutionItems) = preProject
		Test.cs = Test.cs
	EndProjectSection
EndProject
Project("{2150E333-8FDC-42A3-9474-1A3956D46DE8}") = "CleanArch.Domain", "CleanArch.Domain", "{DDAA0D75-6FD2-4F82-8C58-6B21FE19F940}"
	ProjectSection(SolutionItems) = preProject
		NewTest.cs = NewTest.cs
	EndProjectSection
EndProject
Project("{2150E333-8FDC-42A3-9474-1A3956D46DE8}") = "CleanArch.Infra.Data", "CleanArch.Infra.Data", "{30DEE4D4-F593-41E3-88FA-DFA5A61DAACE}"
EndProject
Project("{2150E333-8FDC-42A3-9474-1A3956D46DE8}") = "CleanArch.Infra.Ioc", "CleanArch.Infra.Ioc", "{DB5B2ED4-75A0-49CF-9F27-95516E1F3226}"
EndProject
Project("{2150E333-8FDC-42A3-9474-1A3956D46DE8}") = "CleanArch.UI.Mvc", "CleanArch.UI.Mvc", "{FE287CF9-9DC6-4507-838E-737255EDBDF2}"
EndProject
Global
	GlobalSection(SolutionProperties) = preSolution
		HideSolutionNode = FALSE
	EndGlobalSection
	GlobalSection(ExtensibilityGlobals) = postSolution
		SolutionGuid = {80EC62C0-1DDD-465C-8E1D-74C72D269F9D}
	EndGlobalSection
EndGlobal
